
Microsoft Visual Studio Solution File, Format Version 12.00
# Visual Studio 2012
Project("{8BC9CEB8-8B4A-11D0-8D11-00A0C91BC942}") = "LC3_Virtual_Derived", "LC3_Virtual_Derived\LC3_Virtual_Derived.vcxproj", "{BD035384-4924-476A-9DE7-4641AF414CB8}"
EndProject
Global
	GlobalSection(SolutionConfigurationPlatforms) = preSolution
		Debug|Win32 = Debug|Win32
		Release|Win32 = Release|Win32
	EndGlobalSection
	GlobalSection(ProjectConfigurationPlatforms) = postSolution
		{BD035384-4924-476A-9DE7-4641AF414CB8}.Debug|Win32.ActiveCfg = Debug|Win32
		{BD035384-4924-476A-9DE7-4641AF414CB8}.Debug|Win32.Build.0 = Debug|Win32
		{BD035384-4924-476A-9DE7-4641AF414CB8}.Release|Win32.ActiveCfg = Release|Win32
		{BD035384-4924-476A-9DE7-4641AF414CB8}.Release|Win32.Build.0 = Release|Win32
	EndGlobalSection
	GlobalSection(SolutionProperties) = preSolution
		HideSolutionNode = FALSE
	EndGlobalSection
EndGlobal
